
Microsoft Visual Studio Solution File, Format Version 12.00
# Visual Studio Version 16
VisualStudioVersion = 25.0.1706.7
MinimumVisualStudioVersion = 10.0.40219.1
Project("{FAE04EC0-301F-11D3-BF4B-00C04F79EFBC}") = "CustomMauiProject", "CustomMauiProject.csproj", "{9C47B414-7633-4553-B712-0F7D89357867}"
EndProject
Project("{FAE04EC0-301F-11D3-BF4B-00C04F79EFBC}") = "testiOSSampleNet6", "..\iOS_Sample\testiOSSampleNet6.csproj", "{47ECD4B4-58FB-43A9-9300-3E9055540E41}"
EndProject
Global
	GlobalSection(SolutionConfigurationPlatforms) = preSolution
		Debug|Any CPU = Debug|Any CPU
		Release|Any CPU = Release|Any CPU
	EndGlobalSection
	GlobalSection(ProjectConfigurationPlatforms) = postSolution
		{9C47B414-7633-4553-B712-0F7D89357867}.Debug|Any CPU.ActiveCfg = Debug|Any CPU
		{9C47B414-7633-4553-B712-0F7D89357867}.Debug|Any CPU.Build.0 = Debug|Any CPU
		{9C47B414-7633-4553-B712-0F7D89357867}.Release|Any CPU.ActiveCfg = Release|Any CPU
		{9C47B414-7633-4553-B712-0F7D89357867}.Release|Any CPU.Build.0 = Release|Any CPU
		{47ECD4B4-58FB-43A9-9300-3E9055540E41}.Debug|Any CPU.ActiveCfg = Debug|Any CPU
		{47ECD4B4-58FB-43A9-9300-3E9055540E41}.Debug|Any CPU.Build.0 = Debug|Any CPU
		{47ECD4B4-58FB-43A9-9300-3E9055540E41}.Release|Any CPU.ActiveCfg = Release|Any CPU
		{47ECD4B4-58FB-43A9-9300-3E9055540E41}.Release|Any CPU.Build.0 = Release|Any CPU
	EndGlobalSection
	GlobalSection(SolutionProperties) = preSolution
		HideSolutionNode = FALSE
	EndGlobalSection
	GlobalSection(ExtensibilityGlobals) = postSolution
		SolutionGuid = {9AD5AD59-555C-4FEA-90BD-B1BB4EA2FFE6}
	EndGlobalSection
EndGlobal
